
Microsoft Visual Studio Solution File, Format Version 12.00
Project("{FAE04EC0-301F-11D3-BF4B-00C04F79EFBC}") = "DarkKnight.InternxtSdk", "DarkKnight.InternxtSdk\DarkKnight.InternxtSdk.csproj", "{4B571757-3632-47D7-8895-772718B926FE}"
EndProject
Project("{FAE04EC0-301F-11D3-BF4B-00C04F79EFBC}") = "DarkKnight.InternxtSdk.Tests", "DarkKnight.InternxtSdk.Tests\DarkKnight.InternxtSdk.Tests.csproj", "{8FE3711C-9A68-47E1-A599-9E9937B78F9C}"
EndProject
Global
	GlobalSection(SolutionConfigurationPlatforms) = preSolution
		Debug|Any CPU = Debug|Any CPU
		Release|Any CPU = Release|Any CPU
	EndGlobalSection
	GlobalSection(ProjectConfigurationPlatforms) = postSolution
		{4B571757-3632-47D7-8895-772718B926FE}.Debug|Any CPU.ActiveCfg = Debug|Any CPU
		{4B571757-3632-47D7-8895-772718B926FE}.Debug|Any CPU.Build.0 = Debug|Any CPU
		{4B571757-3632-47D7-8895-772718B926FE}.Release|Any CPU.ActiveCfg = Release|Any CPU
		{4B571757-3632-47D7-8895-772718B926FE}.Release|Any CPU.Build.0 = Release|Any CPU
		{8FE3711C-9A68-47E1-A599-9E9937B78F9C}.Debug|Any CPU.ActiveCfg = Debug|Any CPU
		{8FE3711C-9A68-47E1-A599-9E9937B78F9C}.Debug|Any CPU.Build.0 = Debug|Any CPU
		{8FE3711C-9A68-47E1-A599-9E9937B78F9C}.Release|Any CPU.ActiveCfg = Release|Any CPU
		{8FE3711C-9A68-47E1-A599-9E9937B78F9C}.Release|Any CPU.Build.0 = Release|Any CPU
	EndGlobalSection
EndGlobal
